
Microsoft Visual Studio Solution File, Format Version 12.00
# Visual Studio 2013
VisualStudioVersion = 12.0.31101.0
MinimumVisualStudioVersion = 10.0.40219.1
Project("{FAE04EC0-301F-11D3-BF4B-00C04F79EFBC}") = "homework03-1", "homework03-1\homework03-1.csproj", "{F3A293E3-4327-4299-93D9-9C8C0DFE056B}"
EndProject
Project("{FAE04EC0-301F-11D3-BF4B-00C04F79EFBC}") = "homework03-2", "homework03-2\homework03-2.csproj", "{43F5C3AC-42DD-4A6A-B78B-5334115BD5E5}"
EndProject
Global
	GlobalSection(SolutionConfigurationPlatforms) = preSolution
		Debug|Any CPU = Debug|Any CPU
		Release|Any CPU = Release|Any CPU
	EndGlobalSection
	GlobalSection(ProjectConfigurationPlatforms) = postSolution
		{F3A293E3-4327-4299-93D9-9C8C0DFE056B}.Debug|Any CPU.ActiveCfg = Debug|Any CPU
		{F3A293E3-4327-4299-93D9-9C8C0DFE056B}.Debug|Any CPU.Build.0 = Debug|Any CPU
		{F3A293E3-4327-4299-93D9-9C8C0DFE056B}.Release|Any CPU.ActiveCfg = Release|Any CPU
		{F3A293E3-4327-4299-93D9-9C8C0DFE056B}.Release|Any CPU.Build.0 = Release|Any CPU
		{43F5C3AC-42DD-4A6A-B78B-5334115BD5E5}.Debug|Any CPU.ActiveCfg = Debug|Any CPU
		{43F5C3AC-42DD-4A6A-B78B-5334115BD5E5}.Debug|Any CPU.Build.0 = Debug|Any CPU
		{43F5C3AC-42DD-4A6A-B78B-5334115BD5E5}.Release|Any CPU.ActiveCfg = Release|Any CPU
		{43F5C3AC-42DD-4A6A-B78B-5334115BD5E5}.Release|Any CPU.Build.0 = Release|Any CPU
	EndGlobalSection
	GlobalSection(SolutionProperties) = preSolution
		HideSolutionNode = FALSE
	EndGlobalSection
EndGlobal
