
Microsoft Visual Studio Solution File, Format Version 12.00
# Visual Studio 2012
Project("{FAE04EC0-301F-11D3-BF4B-00C04F79EFBC}") = "example01", "example01\example01.csproj", "{45BF7B20-78A4-4969-B66B-738F496AFA13}"
EndProject
Project("{FAE04EC0-301F-11D3-BF4B-00C04F79EFBC}") = "mine01", "mine01\mine01.csproj", "{15B8BAAF-EC30-496D-B1CC-FDF45B4630C4}"
EndProject
Project("{FAE04EC0-301F-11D3-BF4B-00C04F79EFBC}") = "example02", "example02\example02.csproj", "{7372B2AF-7826-4754-9910-50BFB57A25E2}"
EndProject
Global
	GlobalSection(SolutionConfigurationPlatforms) = preSolution
		Debug|Any CPU = Debug|Any CPU
		Release|Any CPU = Release|Any CPU
	EndGlobalSection
	GlobalSection(ProjectConfigurationPlatforms) = postSolution
		{45BF7B20-78A4-4969-B66B-738F496AFA13}.Debug|Any CPU.ActiveCfg = Debug|Any CPU
		{45BF7B20-78A4-4969-B66B-738F496AFA13}.Debug|Any CPU.Build.0 = Debug|Any CPU
		{45BF7B20-78A4-4969-B66B-738F496AFA13}.Release|Any CPU.ActiveCfg = Release|Any CPU
		{45BF7B20-78A4-4969-B66B-738F496AFA13}.Release|Any CPU.Build.0 = Release|Any CPU
		{15B8BAAF-EC30-496D-B1CC-FDF45B4630C4}.Debug|Any CPU.ActiveCfg = Debug|Any CPU
		{15B8BAAF-EC30-496D-B1CC-FDF45B4630C4}.Debug|Any CPU.Build.0 = Debug|Any CPU
		{15B8BAAF-EC30-496D-B1CC-FDF45B4630C4}.Release|Any CPU.ActiveCfg = Release|Any CPU
		{15B8BAAF-EC30-496D-B1CC-FDF45B4630C4}.Release|Any CPU.Build.0 = Release|Any CPU
		{7372B2AF-7826-4754-9910-50BFB57A25E2}.Debug|Any CPU.ActiveCfg = Debug|Any CPU
		{7372B2AF-7826-4754-9910-50BFB57A25E2}.Debug|Any CPU.Build.0 = Debug|Any CPU
		{7372B2AF-7826-4754-9910-50BFB57A25E2}.Release|Any CPU.ActiveCfg = Release|Any CPU
		{7372B2AF-7826-4754-9910-50BFB57A25E2}.Release|Any CPU.Build.0 = Release|Any CPU
	EndGlobalSection
	GlobalSection(SolutionProperties) = preSolution
		HideSolutionNode = FALSE
	EndGlobalSection
EndGlobal
