
Microsoft Visual Studio Solution File, Format Version 12.00
# Visual Studio 2013
VisualStudioVersion = 12.0.31101.0
MinimumVisualStudioVersion = 10.0.40219.1
Project("{FAE04EC0-301F-11D3-BF4B-00C04F79EFBC}") = "example01", "example01\example01.csproj", "{04B8AA4D-839A-4FA1-BF4D-0EF2932F0B11}"
EndProject
Project("{FAE04EC0-301F-11D3-BF4B-00C04F79EFBC}") = "example02", "example02\example02.csproj", "{C9D5A228-E98E-4D54-B77B-42D131D8CC83}"
EndProject
Global
	GlobalSection(SolutionConfigurationPlatforms) = preSolution
		Debug|Any CPU = Debug|Any CPU
		Release|Any CPU = Release|Any CPU
	EndGlobalSection
	GlobalSection(ProjectConfigurationPlatforms) = postSolution
		{04B8AA4D-839A-4FA1-BF4D-0EF2932F0B11}.Debug|Any CPU.ActiveCfg = Debug|Any CPU
		{04B8AA4D-839A-4FA1-BF4D-0EF2932F0B11}.Debug|Any CPU.Build.0 = Debug|Any CPU
		{04B8AA4D-839A-4FA1-BF4D-0EF2932F0B11}.Release|Any CPU.ActiveCfg = Release|Any CPU
		{04B8AA4D-839A-4FA1-BF4D-0EF2932F0B11}.Release|Any CPU.Build.0 = Release|Any CPU
		{C9D5A228-E98E-4D54-B77B-42D131D8CC83}.Debug|Any CPU.ActiveCfg = Debug|Any CPU
		{C9D5A228-E98E-4D54-B77B-42D131D8CC83}.Debug|Any CPU.Build.0 = Debug|Any CPU
		{C9D5A228-E98E-4D54-B77B-42D131D8CC83}.Release|Any CPU.ActiveCfg = Release|Any CPU
		{C9D5A228-E98E-4D54-B77B-42D131D8CC83}.Release|Any CPU.Build.0 = Release|Any CPU
	EndGlobalSection
	GlobalSection(SolutionProperties) = preSolution
		HideSolutionNode = FALSE
	EndGlobalSection
EndGlobal
